
Microsoft Visual Studio Solution File, Format Version 12.00
# Visual Studio Version 16
VisualStudioVersion = 16.0.31424.327
MinimumVisualStudioVersion = 10.0.40219.1
Project("{9A19103F-16F7-4668-BE54-9A1E7A4F7556}") = "Shared", "Shared\Shared.csproj", "{20505952-C266-4DA8-A192-AE9F51329CBF}"
EndProject
Project("{9A19103F-16F7-4668-BE54-9A1E7A4F7556}") = "FXiaoKe.Test", "FXiaoKe.Test\FXiaoKe.Test.csproj", "{B44CF3DF-20FC-45CE-88AF-78DF11631F69}"
EndProject
Project("{9A19103F-16F7-4668-BE54-9A1E7A4F7556}") = "Shared.Test", "Shared.Test\Shared.Test.csproj", "{8664EDC4-F083-4988-80F0-AB0962607BA7}"
EndProject
Project("{9A19103F-16F7-4668-BE54-9A1E7A4F7556}") = "FXiaoKe", "FXiaoKe\FXiaoKe.csproj", "{4CF9B8DB-0512-4073-8711-30ACC1AA9F0D}"
EndProject
Project("{9A19103F-16F7-4668-BE54-9A1E7A4F7556}") = "Kingdee", "Kingdee\Kingdee.csproj", "{CC61A33F-FB04-4909-817E-831C80602C84}"
EndProject
Project("{9A19103F-16F7-4668-BE54-9A1E7A4F7556}") = "Kingdee.Test", "Kingdee.Test\Kingdee.Test.csproj", "{26E1C16A-DD60-44D5-91C6-68F53A435B56}"
EndProject
Project("{2150E333-8FDC-42A3-9474-1A3956D46DE8}") = "Solution Items", "Solution Items", "{C8241793-0363-4C96-AF64-C6EAB0E87D98}"
	ProjectSection(SolutionItems) = preProject
		.editorconfig = .editorconfig
	EndProjectSection
EndProject
Project("{9A19103F-16F7-4668-BE54-9A1E7A4F7556}") = "TheFirstFarm.Test", "TheFirstFarm.Test\TheFirstFarm.Test.csproj", "{F2F57FCD-CAE4-4166-A618-ED915F600424}"
EndProject
Project("{9A19103F-16F7-4668-BE54-9A1E7A4F7556}") = "TheFirstFarm", "TheFirstFarm\TheFirstFarm.csproj", "{72DD74F4-83ED-46BF-8A20-6D8A2CE8E31D}"
EndProject
Global
	GlobalSection(SolutionConfigurationPlatforms) = preSolution
		Debug|Any CPU = Debug|Any CPU
		Release|Any CPU = Release|Any CPU
	EndGlobalSection
	GlobalSection(ProjectConfigurationPlatforms) = postSolution
		{20505952-C266-4DA8-A192-AE9F51329CBF}.Debug|Any CPU.ActiveCfg = Debug|Any CPU
		{20505952-C266-4DA8-A192-AE9F51329CBF}.Debug|Any CPU.Build.0 = Debug|Any CPU
		{20505952-C266-4DA8-A192-AE9F51329CBF}.Release|Any CPU.ActiveCfg = Release|Any CPU
		{20505952-C266-4DA8-A192-AE9F51329CBF}.Release|Any CPU.Build.0 = Release|Any CPU
		{B44CF3DF-20FC-45CE-88AF-78DF11631F69}.Debug|Any CPU.ActiveCfg = Debug|Any CPU
		{B44CF3DF-20FC-45CE-88AF-78DF11631F69}.Debug|Any CPU.Build.0 = Debug|Any CPU
		{B44CF3DF-20FC-45CE-88AF-78DF11631F69}.Release|Any CPU.ActiveCfg = Release|Any CPU
		{B44CF3DF-20FC-45CE-88AF-78DF11631F69}.Release|Any CPU.Build.0 = Release|Any CPU
		{8664EDC4-F083-4988-80F0-AB0962607BA7}.Debug|Any CPU.ActiveCfg = Debug|Any CPU
		{8664EDC4-F083-4988-80F0-AB0962607BA7}.Debug|Any CPU.Build.0 = Debug|Any CPU
		{8664EDC4-F083-4988-80F0-AB0962607BA7}.Release|Any CPU.ActiveCfg = Release|Any CPU
		{8664EDC4-F083-4988-80F0-AB0962607BA7}.Release|Any CPU.Build.0 = Release|Any CPU
		{4CF9B8DB-0512-4073-8711-30ACC1AA9F0D}.Debug|Any CPU.ActiveCfg = Debug|Any CPU
		{4CF9B8DB-0512-4073-8711-30ACC1AA9F0D}.Debug|Any CPU.Build.0 = Debug|Any CPU
		{4CF9B8DB-0512-4073-8711-30ACC1AA9F0D}.Release|Any CPU.ActiveCfg = Release|Any CPU
		{4CF9B8DB-0512-4073-8711-30ACC1AA9F0D}.Release|Any CPU.Build.0 = Release|Any CPU
		{CC61A33F-FB04-4909-817E-831C80602C84}.Debug|Any CPU.ActiveCfg = Debug|Any CPU
		{CC61A33F-FB04-4909-817E-831C80602C84}.Debug|Any CPU.Build.0 = Debug|Any CPU
		{CC61A33F-FB04-4909-817E-831C80602C84}.Release|Any CPU.ActiveCfg = Release|Any CPU
		{CC61A33F-FB04-4909-817E-831C80602C84}.Release|Any CPU.Build.0 = Release|Any CPU
		{26E1C16A-DD60-44D5-91C6-68F53A435B56}.Debug|Any CPU.ActiveCfg = Debug|Any CPU
		{26E1C16A-DD60-44D5-91C6-68F53A435B56}.Debug|Any CPU.Build.0 = Debug|Any CPU
		{26E1C16A-DD60-44D5-91C6-68F53A435B56}.Release|Any CPU.ActiveCfg = Release|Any CPU
		{26E1C16A-DD60-44D5-91C6-68F53A435B56}.Release|Any CPU.Build.0 = Release|Any CPU
		{F2F57FCD-CAE4-4166-A618-ED915F600424}.Debug|Any CPU.ActiveCfg = Debug|Any CPU
		{F2F57FCD-CAE4-4166-A618-ED915F600424}.Debug|Any CPU.Build.0 = Debug|Any CPU
		{F2F57FCD-CAE4-4166-A618-ED915F600424}.Release|Any CPU.ActiveCfg = Release|Any CPU
		{F2F57FCD-CAE4-4166-A618-ED915F600424}.Release|Any CPU.Build.0 = Release|Any CPU
		{72DD74F4-83ED-46BF-8A20-6D8A2CE8E31D}.Debug|Any CPU.ActiveCfg = Debug|Any CPU
		{72DD74F4-83ED-46BF-8A20-6D8A2CE8E31D}.Debug|Any CPU.Build.0 = Debug|Any CPU
		{72DD74F4-83ED-46BF-8A20-6D8A2CE8E31D}.Release|Any CPU.ActiveCfg = Release|Any CPU
		{72DD74F4-83ED-46BF-8A20-6D8A2CE8E31D}.Release|Any CPU.Build.0 = Release|Any CPU
	EndGlobalSection
	GlobalSection(SolutionProperties) = preSolution
		HideSolutionNode = FALSE
	EndGlobalSection
	GlobalSection(ExtensibilityGlobals) = postSolution
		SolutionGuid = {324FA4CE-016B-4D04-8B89-2A692DFA6C5B}
	EndGlobalSection
EndGlobal
